schema: '2.0'
stages:
  generate:
    cmd: python -m src.data.generate_synthetic
    deps:
    - path: src/data/generate_synthetic.py
      hash: md5
      md5: 2c2579faeab0b9f6ff8c447634023f1a
      size: 20997
    - path: src/utils/geo.py
      hash: md5
      md5: 1d1e559337fc2ff9a36c1e8227e08d33
      size: 1775
    params:
      params.yaml:
        generate:
          n_trips: 150000
          start_date: '2024-01-01'
          end_date: '2024-12-31'
          scenario: baseline
          output_file: trips_raw.parquet
          defect_rates:
            missing_gps: 0.012
            invalid_timestamp: 0.006
            out_of_bounds_gps: 0.004
            duplicate_trip_id: 0.003
            extreme_duration: 0.005
            missing_weather: 0.008
            missing_passenger_count: 0.004
            impossible_speed: 0.003
            inconsistent_weather: 0.004
        seed: 42
    outs:
    - path: data/raw/trips_raw.meta.json
      hash: md5
      md5: 03fdcda65304b574625def4d6c511f3e
      size: 1349
    - path: data/raw/trips_raw.parquet
      hash: md5
      md5: f9234ea5a07cb88e4fef3c34a982e024
      size: 8444280
  validate:
    cmd: python -m src.data.validate
    deps:
    - path: data/raw/trips_raw.parquet
      hash: md5
      md5: f9234ea5a07cb88e4fef3c34a982e024
      size: 8444280
    - path: src/data/quality.py
      hash: md5
      md5: f9bc127197299af06efdd5314f4baa86
      size: 8963
    - path: src/data/schema.py
      hash: md5
      md5: f319b9ff3fef273516501130515d2c01
      size: 3608
    - path: src/data/statistical_validation.py
      hash: md5
      md5: 252feb7984d005a9b61263f69e33eb58
      size: 10251
    - path: src/data/validate.py
      hash: md5
      md5: dbaa58c7f2f87de0beb72dc76d9db36a
      size: 16391
    - path: src/utils/geo.py
      hash: md5
      md5: 1d1e559337fc2ff9a36c1e8227e08d33
      size: 1775
    - path: src/utils/io.py
      hash: md5
      md5: 30b55d7f866b6bb8f9b3ad74633f47fc
      size: 1311
    params:
      params.yaml:
        validate:
          max_bad_row_fraction: 0.15
          min_rows: 10000
          bounds:
            latitude:
            - 40.55
            - 40.95
            longitude:
            - -74.1
            - -73.7
            trip_duration_min:
            - 1.0
            - 300.0
            avg_speed_kmph:
            - 1.0
            - 120.0
            passenger_count:
            - 1
            - 6
            temperature_c:
            - -25.0
            - 45.0
            precipitation_mm:
            - 0.0
            - 80.0
            wind_kph:
            - 0.0
            - 120.0
            traffic_index:
            - 0.0
            - 1.0
          allowed_weather:
          - Clear
          - Cloudy
          - Rain
          - Snow
          - Fog
          allowed_vendors:
          - 1
          - 2
          - 3
          business_rules:
            wet_weather_conditions:
            - Rain
            - Snow
            snow_max_temperature_c: 5.0
            stationary_max_km: 0.05
            stationary_max_minutes: 60.0
          statistical:
            ks_pvalue_threshold: 0.01
            ks_statistic_warn: 0.05
            chi2_pvalue_threshold: 0.01
            mean_shift_sd_warn: 1.0
            mean_shift_sd_fail: 2.0
            null_rate_increase_fail: 0.1
            category_shift_warn: 0.05
            category_shift_fail: 0.15
            action_on_failure: fail
    outs:
    - path: data/interim/trips_validated.parquet
      hash: md5
      md5: be68cb6fdc37c13a5059984944e5a27a
      size: 11094843
    - path: data/quarantine/quarantined_trips.parquet
      hash: md5
      md5: 536544aec279651f6a9df88c61ecf4c0
      size: 479796
    - path: reports/validation
      hash: md5
      md5: 0a1b7692d5bf70168acea3ea0afa4906.dir
      size: 6888
      nfiles: 3
  split:
    cmd: python -m src.data.split
    deps:
    - path: data/interim/trips_validated.parquet
      hash: md5
      md5: be68cb6fdc37c13a5059984944e5a27a
      size: 11094843
    - path: src/data/split.py
      hash: md5
      md5: ab09aee477704611d7f1b6081b38099d
      size: 3248
    - path: src/utils/io.py
      hash: md5
      md5: 30b55d7f866b6bb8f9b3ad74633f47fc
      size: 1311
    params:
      params.yaml:
        split:
          strategy: temporal
          val_fraction: 0.15
          test_fraction: 0.15
    outs:
    - path: data/interim/split_manifest.json
      hash: md5
      md5: 559283ce95a14ed5014511aaf8e90490
      size: 455
    - path: data/interim/test.parquet
      hash: md5
      md5: 3a97d8768835069eab583128335fd04a
      size: 1913504
    - path: data/interim/train.parquet
      hash: md5
      md5: 6ba207ae8e1c9bd9ac30647dd3e13c34
      size: 8147307
    - path: data/interim/val.parquet
      hash: md5
      md5: cd60bd7b4029871827f9b6fc3072c496
      size: 1911459
  features:
    cmd: python -m src.features.make_features
    deps:
    - path: data/interim/test.parquet
      hash: md5
      md5: 3a97d8768835069eab583128335fd04a
      size: 1913504
    - path: data/interim/train.parquet
      hash: md5
      md5: 6ba207ae8e1c9bd9ac30647dd3e13c34
      size: 8147307
    - path: data/interim/val.parquet
      hash: md5
      md5: cd60bd7b4029871827f9b6fc3072c496
      size: 1911459
    - path: src/features/build_features.py
      hash: md5
      md5: 6c1c6b6c1f08a679469c0cc3a19f8dc6
      size: 21875
    - path: src/features/make_features.py
      hash: md5
      md5: 0a5d515477acd9c964a2ee454d8b7187
      size: 2634
    - path: src/utils/calendar_nyc.py
      hash: md5
      md5: e7e41662f919d341eed6e1aa7f9165d3
      size: 1831
    - path: src/utils/geo.py
      hash: md5
      md5: 1d1e559337fc2ff9a36c1e8227e08d33
      size: 1775
    - path: src/utils/io.py
      hash: md5
      md5: 30b55d7f866b6bb8f9b3ad74633f47fc
      size: 1311
    params:
      params.yaml:
        features:
          n_zone_clusters: 20
          rush_hours_morning:
          - 7
          - 10
          rush_hours_evening:
          - 16
          - 19
          target: trip_duration_min
          output_file: features.parquet
          imputation:
            weather_strategy: month_mode
            numeric_strategy: month_median
        seed: 42
    outs:
    - path: data/processed/test_features.parquet
      hash: md5
      md5: 34e125b3e0d850829fa3ff8f66c967b8
      size: 2919080
    - path: data/processed/train_features.parquet
      hash: md5
      md5: ad2ed24de9d566fd369f53314948407f
      size: 12805214
    - path: data/processed/val_features.parquet
      hash: md5
      md5: 5fa45e983440b1e22f6c9acb184f33a3
      size: 2916993
    - path: models/feature_pipeline
      hash: md5
      md5: 572826fa2fd55199d3a253a6d3f8866f.dir
      size: 60836
      nfiles: 2
    - path: reports/features
      hash: md5
      md5: d495bc270aea28c4d9e44ba567697224.dir
      size: 2300
      nfiles: 1
  profile:
    cmd: python -m src.data.make_profile
    deps:
    - path: data/interim/train.parquet
      hash: md5
      md5: 6ba207ae8e1c9bd9ac30647dd3e13c34
      size: 8147307
    - path: src/data/make_profile.py
      hash: md5
      md5: 64fe1e0d9b404b2ef029ef9f46af9538
      size: 3124
    - path: src/data/statistical_validation.py
      hash: md5
      md5: 252feb7984d005a9b61263f69e33eb58
      size: 10251
    params:
      params.yaml:
        profile:
          reference_sample_size: 2000
          output_file: baseline_profile.json
        seed: 42
    outs:
    - path: models/data_profile
      hash: md5
      md5: afe67acb2e571588356c1bc5c3366f68.dir
      size: 195936
      nfiles: 1
    - path: reports/profile
      hash: md5
      md5: dbcefff63bd557b1b22ba4974f246ad5.dir
      size: 1596
      nfiles: 1
  train:
    cmd: python -m src.models.train
    deps:
    - path: data/processed/test_features.parquet
      hash: md5
      md5: 34e125b3e0d850829fa3ff8f66c967b8
      size: 2919080
    - path: data/processed/train_features.parquet
      hash: md5
      md5: ad2ed24de9d566fd369f53314948407f
      size: 12805214
    - path: data/processed/val_features.parquet
      hash: md5
      md5: 5fa45e983440b1e22f6c9acb184f33a3
      size: 2916993
    - path: src/features/build_features.py
      hash: md5
      md5: 6c1c6b6c1f08a679469c0cc3a19f8dc6
      size: 21875
    - path: src/models/compare.py
      hash: md5
      md5: 5c788154abec3fc262e9c660fd439475
      size: 6975
    - path: src/models/evaluate.py
      hash: md5
      md5: 9d8e379c0a53ea9c797f99306014b593
      size: 1757
    - path: src/models/hyperparameters.py
      hash: md5
      md5: 5e8bb7285ab96d544a1f5aa136140c53
      size: 1960
    - path: src/models/train.py
      hash: md5
      md5: e02366eec504dd34808553ddcce43509
      size: 17414
    - path: src/utils/lineage.py
      hash: md5
      md5: c67cc66d22bccf531e2340959b18b019
      size: 3117
    params:
      params.yaml:
        seed: 42
        train:
          experiment_name: eta-prediction
          registered_model_name: eta-predictor
          tracking_uri: sqlite:///mlflow.db
          selection:
            partition: val
            metric: mae
            lower_is_better: true
          cv:
            strategy: time_series
            n_splits: 3
          search:
            scoring: neg_mean_absolute_error
            random_state: 42
            n_iter:
              ridge: 12
              random_forest: 8
              lightgbm: 20
          models:
            baseline: true
            ridge: true
            random_forest: true
            lightgbm: true
    outs:
    - path: models/trained
      hash: md5
      md5: dc547a9c6bd5b6751057f422a7cc9f4d.dir
      size: 634312
      nfiles: 6
    - path: reports/metrics.json
      hash: md5
      md5: 7b5ab853f89b299a79a8fc3324c3e446
      size: 651
    - path: reports/model_comparison.md
      hash: md5
      md5: abee39e2d7dfdf04c8b3633309c0260b
      size: 2742
    - path: reports/training
      hash: md5
      md5: d0ef8b812168c5875d6cdb6804179e02.dir
      size: 544608
      nfiles: 8
  drift_simulation:
    cmd: python -m src.monitoring.drift_simulation
    deps:
    - path: models/data_profile/baseline_profile.json
      hash: md5
      md5: 652e2a038e9ac233e5ee9fadfc9bfb71
      size: 195936
    - path: models/feature_pipeline
      hash: md5
      md5: 572826fa2fd55199d3a253a6d3f8866f.dir
      size: 60836
      nfiles: 2
    - path: models/trained/model
      hash: md5
      md5: 95e19ecd14a34d6dd193449f551ef17b.dir
      size: 632248
      nfiles: 5
    - path: src/data/generate_synthetic.py
      hash: md5
      md5: 2c2579faeab0b9f6ff8c447634023f1a
      size: 20997
    - path: src/data/statistical_validation.py
      hash: md5
      md5: 252feb7984d005a9b61263f69e33eb58
      size: 10251
    - path: src/data/validate.py
      hash: md5
      md5: dbaa58c7f2f87de0beb72dc76d9db36a
      size: 16391
    - path: src/features/build_features.py
      hash: md5
      md5: 6c1c6b6c1f08a679469c0cc3a19f8dc6
      size: 21875
    - path: src/models/evaluate.py
      hash: md5
      md5: 9d8e379c0a53ea9c797f99306014b593
      size: 1757
    - path: src/monitoring/drift_simulation.py
      hash: md5
      md5: 1581a486a37fa8bcc2c282968083b852
      size: 9622
    params:
      params.yaml:
        monitoring.drift:
          reference_scenario: baseline
          scenario: festival_surge
          n_trips: 20000
          seed: 202
          start_date: '2024-01-01'
          end_date: '2024-12-31'
        monitoring.thresholds:
          perf_mae_warn_ratio: 1.15
          perf_mae_fail_ratio: 1.3
          perf_mae_warn_abs_min: 6.0
          perf_mae_fail_abs_min: 8.0
          feature_warn_columns: 1
          feature_fail_columns: 2
          live_mae_warn_min: 6.0
          live_mae_fail_min: 8.0
        validate.statistical:
          ks_pvalue_threshold: 0.01
          ks_statistic_warn: 0.05
          chi2_pvalue_threshold: 0.01
          mean_shift_sd_warn: 1.0
          mean_shift_sd_fail: 2.0
          null_rate_increase_fail: 0.1
          category_shift_warn: 0.05
          category_shift_fail: 0.15
          action_on_failure: fail
    outs:
    - path: reports/monitoring/drift_report.json
      hash: md5
      md5: 6b575a76ca1111ee447b586cd4870c64
      size: 6986
    - path: reports/monitoring/drift_report.md
      hash: md5
      md5: 5f9f4dd846fa62f993c828475621c39c
      size: 809
  retraining_decision:
    cmd: python -m src.monitoring.retraining_decision
    deps:
    - path: reports/monitoring/drift_report.json
      hash: md5
      md5: 6b575a76ca1111ee447b586cd4870c64
      size: 6986
    - path: src/monitoring/prediction_log.py
      hash: md5
      md5: 3f14d73429bbc2de9774d990cfd179c7
      size: 7482
    - path: src/monitoring/retraining_decision.py
      hash: md5
      md5: 62bfb3edbb6dd822d3f7b85243d324a5
      size: 9212
    params:
      params.yaml:
        monitoring.lookback:
          use_live_feedback: true
          min_labelled: 50
          max_rows: 5000
        monitoring.retrain:
          fail_signals_to_trigger: 1
        monitoring.thresholds:
          perf_mae_warn_ratio: 1.15
          perf_mae_fail_ratio: 1.3
          perf_mae_warn_abs_min: 6.0
          perf_mae_fail_abs_min: 8.0
          feature_warn_columns: 1
          feature_fail_columns: 2
          live_mae_warn_min: 6.0
          live_mae_fail_min: 8.0
    outs:
    - path: reports/monitoring/retraining_decision.json
      hash: md5
      md5: b48b1cc9e623108ab5370298a551f2bc
      size: 1869
    - path: reports/monitoring/retraining_decision.md
      hash: md5
      md5: fa20f44dc752e42680415f1209c6899a
      size: 852
