schema: '2.0'
stages:
  generate:
    cmd: python -m src.data.generate_synthetic
    deps:
    - path: src/data/generate_synthetic.py
      hash: md5
      md5: 2c2579faeab0b9f6ff8c447634023f1a
      size: 20997
    - path: src/utils/geo.py
      hash: md5
      md5: 1d1e559337fc2ff9a36c1e8227e08d33
      size: 1775
    params:
      params.yaml:
        generate:
          n_trips: 150000
          start_date: '2024-01-01'
          end_date: '2024-12-31'
          scenario: baseline
          output_file: trips_raw.parquet
          defect_rates:
            missing_gps: 0.012
            invalid_timestamp: 0.006
            out_of_bounds_gps: 0.004
            duplicate_trip_id: 0.003
            extreme_duration: 0.005
            missing_weather: 0.008
            missing_passenger_count: 0.004
            impossible_speed: 0.003
            inconsistent_weather: 0.004
        seed: 42
    outs:
    - path: data/raw/trips_raw.meta.json
      hash: md5
      md5: 1aec1c8e031ae930c99dcc864c6ca939
      size: 1349
    - path: data/raw/trips_raw.parquet
      hash: md5
      md5: 93980fe93bac3ae9f509288beac2df03
      size: 8551601
  validate:
    cmd: python -m src.data.validate
    deps:
    - path: data/raw/trips_raw.parquet
      hash: md5
      md5: 93980fe93bac3ae9f509288beac2df03
      size: 8551601
    - path: src/data/quality.py
      hash: md5
      md5: f9bc127197299af06efdd5314f4baa86
      size: 8963
    - path: src/data/schema.py
      hash: md5
      md5: f319b9ff3fef273516501130515d2c01
      size: 3608
    - path: src/data/statistical_validation.py
      hash: md5
      md5: 252feb7984d005a9b61263f69e33eb58
      size: 10251
    - path: src/data/validate.py
      hash: md5
      md5: dbaa58c7f2f87de0beb72dc76d9db36a
      size: 16391
    - path: src/utils/geo.py
      hash: md5
      md5: 1d1e559337fc2ff9a36c1e8227e08d33
      size: 1775
    - path: src/utils/io.py
      hash: md5
      md5: 30b55d7f866b6bb8f9b3ad74633f47fc
      size: 1311
    params:
      params.yaml:
        validate:
          max_bad_row_fraction: 0.15
          min_rows: 10000
          bounds:
            latitude:
            - 40.55
            - 40.95
            longitude:
            - -74.1
            - -73.7
            trip_duration_min:
            - 1.0
            - 300.0
            avg_speed_kmph:
            - 1.0
            - 120.0
            passenger_count:
            - 1
            - 6
            temperature_c:
            - -25.0
            - 45.0
            precipitation_mm:
            - 0.0
            - 80.0
            wind_kph:
            - 0.0
            - 120.0
            traffic_index:
            - 0.0
            - 1.0
          allowed_weather:
          - Clear
          - Cloudy
          - Rain
          - Snow
          - Fog
          allowed_vendors:
          - 1
          - 2
          - 3
          business_rules:
            wet_weather_conditions:
            - Rain
            - Snow
            snow_max_temperature_c: 5.0
            stationary_max_km: 0.05
            stationary_max_minutes: 60.0
          statistical:
            ks_pvalue_threshold: 0.01
            ks_statistic_warn: 0.05
            chi2_pvalue_threshold: 0.01
            mean_shift_sd_warn: 1.0
            mean_shift_sd_fail: 2.0
            null_rate_increase_fail: 0.1
            category_shift_warn: 0.05
            category_shift_fail: 0.15
            action_on_failure: fail
    outs:
    - path: data/interim/trips_validated.parquet
      hash: md5
      md5: 4deaaef0cdb7c1f33b632d3644e3f335
      size: 11201860
    - path: data/quarantine/quarantined_trips.parquet
      hash: md5
      md5: 01d3c7f72421742d947c71767edc2ebc
      size: 480095
    - path: reports/validation
      hash: md5
      md5: a760428355b3853b6c6c60783b3befe1.dir
      size: 6888
      nfiles: 3
  split:
    cmd: python -m src.data.split
    deps:
    - path: data/interim/trips_validated.parquet
      hash: md5
      md5: 4deaaef0cdb7c1f33b632d3644e3f335
      size: 11201860
    - path: src/data/split.py
      hash: md5
      md5: ab09aee477704611d7f1b6081b38099d
      size: 3248
    - path: src/utils/io.py
      hash: md5
      md5: 30b55d7f866b6bb8f9b3ad74633f47fc
      size: 1311
    params:
      params.yaml:
        split:
          strategy: temporal
          val_fraction: 0.15
          test_fraction: 0.15
    outs:
    - path: data/interim/split_manifest.json
      hash: md5
      md5: 559283ce95a14ed5014511aaf8e90490
      size: 455
    - path: data/interim/test.parquet
      hash: md5
      md5: dae5b7e2609d4df7255b0296450fdcce
      size: 1913818
    - path: data/interim/train.parquet
      hash: md5
      md5: f922b73e40652bb1fd823a7524515f40
      size: 8247803
    - path: data/interim/val.parquet
      hash: md5
      md5: 81dfbeddf819bdbdd9281f8725f03eee
      size: 1912135
  features:
    cmd: python -m src.features.make_features
    deps:
    - path: data/interim/test.parquet
      hash: md5
      md5: dae5b7e2609d4df7255b0296450fdcce
      size: 1913818
    - path: data/interim/train.parquet
      hash: md5
      md5: f922b73e40652bb1fd823a7524515f40
      size: 8247803
    - path: data/interim/val.parquet
      hash: md5
      md5: 81dfbeddf819bdbdd9281f8725f03eee
      size: 1912135
    - path: src/features/build_features.py
      hash: md5
      md5: 86530e7e86999aefa4324d0d44fd9954
      size: 19757
    - path: src/features/make_features.py
      hash: md5
      md5: 0a5d515477acd9c964a2ee454d8b7187
      size: 2634
    - path: src/utils/calendar_nyc.py
      hash: md5
      md5: e7e41662f919d341eed6e1aa7f9165d3
      size: 1831
    - path: src/utils/geo.py
      hash: md5
      md5: 1d1e559337fc2ff9a36c1e8227e08d33
      size: 1775
    - path: src/utils/io.py
      hash: md5
      md5: 30b55d7f866b6bb8f9b3ad74633f47fc
      size: 1311
    params:
      params.yaml:
        features:
          n_zone_clusters: 20
          rush_hours_morning:
          - 7
          - 10
          rush_hours_evening:
          - 16
          - 19
          target: trip_duration_min
          output_file: features.parquet
          imputation:
            weather_strategy: month_mode
            numeric_strategy: month_median
        seed: 42
    outs:
    - path: data/processed/test_features.parquet
      hash: md5
      md5: 0c5f76dfbac0289f2abd3eb6d5e0af5c
      size: 2916479
    - path: data/processed/train_features.parquet
      hash: md5
      md5: 78262fee9ff5d815da3b13771694d537
      size: 12928642
    - path: data/processed/val_features.parquet
      hash: md5
      md5: c75eb867aa48845262a4025d5e2b6644
      size: 2914720
    - path: models/feature_pipeline
      hash: md5
      md5: 572826fa2fd55199d3a253a6d3f8866f.dir
      size: 60836
      nfiles: 2
    - path: reports/features
      hash: md5
      md5: d495bc270aea28c4d9e44ba567697224.dir
      size: 2300
      nfiles: 1
  profile:
    cmd: python -m src.data.make_profile
    deps:
    - path: data/interim/train.parquet
      hash: md5
      md5: 6ba207ae8e1c9bd9ac30647dd3e13c34
      size: 8147307
    - path: src/data/make_profile.py
      hash: md5
      md5: 64fe1e0d9b404b2ef029ef9f46af9538
      size: 3124
    - path: src/data/statistical_validation.py
      hash: md5
      md5: 252feb7984d005a9b61263f69e33eb58
      size: 10251
    params:
      params.yaml:
        profile:
          reference_sample_size: 2000
          output_file: baseline_profile.json
        seed: 42
    outs:
    - path: models/data_profile
      hash: md5
      md5: afe67acb2e571588356c1bc5c3366f68.dir
      size: 195936
      nfiles: 1
    - path: reports/profile
      hash: md5
      md5: dbcefff63bd557b1b22ba4974f246ad5.dir
      size: 1596
      nfiles: 1
  train:
    cmd: python -m src.models.train
    deps:
    - path: data/processed/test_features.parquet
      hash: md5
      md5: 0c5f76dfbac0289f2abd3eb6d5e0af5c
      size: 2916479
    - path: data/processed/train_features.parquet
      hash: md5
      md5: 78262fee9ff5d815da3b13771694d537
      size: 12928642
    - path: data/processed/val_features.parquet
      hash: md5
      md5: c75eb867aa48845262a4025d5e2b6644
      size: 2914720
    - path: src/features/build_features.py
      hash: md5
      md5: 86530e7e86999aefa4324d0d44fd9954
      size: 19757
    - path: src/models/compare.py
      hash: md5
      md5: 5c788154abec3fc262e9c660fd439475
      size: 6975
    - path: src/models/evaluate.py
      hash: md5
      md5: 9d8e379c0a53ea9c797f99306014b593
      size: 1757
    - path: src/models/hyperparameters.py
      hash: md5
      md5: fa811ed5c22068f1e80ee029c7bd9f82
      size: 1548
    - path: src/models/train.py
      hash: md5
      md5: 9d47923c74faef0a249ec2e8e12e4486
      size: 15078
    - path: src/utils/lineage.py
      hash: md5
      md5: c67cc66d22bccf531e2340959b18b019
      size: 3117
    params:
      params.yaml:
        seed: 42
        train:
          experiment_name: eta-prediction
          registered_model_name: eta-predictor
          tracking_uri: mlruns
          selection:
            partition: val
            metric: mae
            lower_is_better: true
          cv:
            strategy: time_series
            n_splits: 3
          search:
            scoring: neg_mean_absolute_error
            random_state: 42
            n_iter:
              ridge: 12
              random_forest: 8
              lightgbm: 20
          models:
            baseline: true
            ridge: true
            random_forest: true
            lightgbm: true
    outs:
    - path: models/trained
      hash: md5
      md5: 15c65a89f65fab51a88d56bdd2afcd29.dir
      size: 1986
      nfiles: 1
    - path: reports/metrics.json
      hash: md5
      md5: af7221a67e675e0c5b6257925c283c52
      size: 650
    - path: reports/model_comparison.md
      hash: md5
      md5: 52c28d4ad340e50447e86fabd06df77f
      size: 2742
    - path: reports/training
      hash: md5
      md5: f0151b280c8b633dafb764ed4d123d74.dir
      size: 546870
      nfiles: 8
